
Microsoft Visual Studio Solution File, Format Version 12.00
# Visual Studio 15
VisualStudioVersion = 15.0.27428.2043
MinimumVisualStudioVersion = 10.0.40219.1
Project("{FAE04EC0-301F-11D3-BF4B-00C04F79EFBC}") = "Clinic2", "Clinic2\Clinic2.csproj", "{24076210-EC4D-4CC6-B676-AE8A90650578}"
EndProject
Global
	GlobalSection(SolutionConfigurationPlatforms) = preSolution
		Debug|Any CPU = Debug|Any CPU
		Release|Any CPU = Release|Any CPU
	EndGlobalSection
	GlobalSection(ProjectConfigurationPlatforms) = postSolution
		{24076210-EC4D-4CC6-B676-AE8A90650578}.Debug|Any CPU.ActiveCfg = Debug|Any CPU
		{24076210-EC4D-4CC6-B676-AE8A90650578}.Debug|Any CPU.Build.0 = Debug|Any CPU
		{24076210-EC4D-4CC6-B676-AE8A90650578}.Release|Any CPU.ActiveCfg = Release|Any CPU
		{24076210-EC4D-4CC6-B676-AE8A90650578}.Release|Any CPU.Build.0 = Release|Any CPU
	EndGlobalSection
	GlobalSection(SolutionProperties) = preSolution
		HideSolutionNode = FALSE
	EndGlobalSection
	GlobalSection(ExtensibilityGlobals) = postSolution
		SolutionGuid = {8064209E-A1A8-4787-8A3F-B6ED152A289C}
	EndGlobalSection
EndGlobal
